
Microsoft Visual Studio Solution File, Format Version 12.00
# Visual Studio Version 17
VisualStudioVersion = 17.10.34707.107
MinimumVisualStudioVersion = 10.0.40219.1
Project("{9A19103F-16F7-4668-BE54-9A1E7A4F7556}") = "FigureSelector.UI", "FigureSelector.UI\FigureSelector.UI.csproj", "{B16FE8E2-8662-4820-9AFF-7D17DC8D7661}"
EndProject
Project("{FAE04EC0-301F-11D3-BF4B-00C04F79EFBC}") = "FigureSelector.Core", "FigureSelector.Core\FigureSelector.Core.csproj", "{DE0F4756-6C8F-4659-B184-B60451CCD676}"
EndProject
Project("{FAE04EC0-301F-11D3-BF4B-00C04F79EFBC}") = "FigureSelector.Tests", "FigureSelector.Tests\FigureSelector.Tests.csproj", "{EFF8E4BE-74F2-4632-84A5-047A2EA4DB8F}"
EndProject
Global
	GlobalSection(SolutionConfigurationPlatforms) = preSolution
		Debug|Any CPU = Debug|Any CPU
		Release|Any CPU = Release|Any CPU
	EndGlobalSection
	GlobalSection(ProjectConfigurationPlatforms) = postSolution
		{B16FE8E2-8662-4820-9AFF-7D17DC8D7661}.Debug|Any CPU.ActiveCfg = Debug|Any CPU
		{B16FE8E2-8662-4820-9AFF-7D17DC8D7661}.Debug|Any CPU.Build.0 = Debug|Any CPU
		{B16FE8E2-8662-4820-9AFF-7D17DC8D7661}.Release|Any CPU.ActiveCfg = Release|Any CPU
		{B16FE8E2-8662-4820-9AFF-7D17DC8D7661}.Release|Any CPU.Build.0 = Release|Any CPU
		{DE0F4756-6C8F-4659-B184-B60451CCD676}.Debug|Any CPU.ActiveCfg = Debug|Any CPU
		{DE0F4756-6C8F-4659-B184-B60451CCD676}.Debug|Any CPU.Build.0 = Debug|Any CPU
		{DE0F4756-6C8F-4659-B184-B60451CCD676}.Release|Any CPU.ActiveCfg = Release|Any CPU
		{DE0F4756-6C8F-4659-B184-B60451CCD676}.Release|Any CPU.Build.0 = Release|Any CPU
		{EFF8E4BE-74F2-4632-84A5-047A2EA4DB8F}.Debug|Any CPU.ActiveCfg = Debug|Any CPU
		{EFF8E4BE-74F2-4632-84A5-047A2EA4DB8F}.Debug|Any CPU.Build.0 = Debug|Any CPU
		{EFF8E4BE-74F2-4632-84A5-047A2EA4DB8F}.Release|Any CPU.ActiveCfg = Release|Any CPU
		{EFF8E4BE-74F2-4632-84A5-047A2EA4DB8F}.Release|Any CPU.Build.0 = Release|Any CPU
	EndGlobalSection
	GlobalSection(SolutionProperties) = preSolution
		HideSolutionNode = FALSE
	EndGlobalSection
	GlobalSection(ExtensibilityGlobals) = postSolution
		SolutionGuid = {2A7CC401-4ED4-4A61-BE8B-1927BA8C25B9}
	EndGlobalSection
EndGlobal
